// !$*UTF8*$!
{
	archiveVersion = 1;
	classes = {
	};
	objectVersion = 46;
	objects = {

/* Begin PBXBuildFile section */
		0F1242FDA6F546465F499FC5 /* RecorderView.swift in Sources */ = {isa = PBXBuildFile; fileRef = AD114FBCF2AEF15CBC19F73F /* RecorderView.swift */; };
		1637A93AE255E074A3654767 /* MeetingChatView.swift in Sources */ = {isa = PBXBuildFile; fileRef = CB05DCC2CADE38DADC3B39BD /* MeetingChatView.swift */; };
		1803353CD38DE3B631BB7C82 /* AutomaticTitle.swift in Sources */ = {isa = PBXBuildFile; fileRef = 6976E9AD5691A2330D3A9320 /* AutomaticTitle.swift */; };
		34886AC6D3F0E486777115B2 /* DictalumeKeyboard.appex in Embed App Extensions */ = {isa = PBXBuildFile; fileRef = CEAC4AF3BD818FAD45258A70 /* DictalumeKeyboard.appex */; };
		390D19EBFC859DE181187708 /* Foundation.framework in Frameworks */ = {isa = PBXBuildFile; fileRef = CEA7094A6C5412F6D5EC2740 /* Foundation.framework */; };
		3AB1362F7A88340DE91A5DC3 /* HistoryView.swift in Sources */ = {isa = PBXBuildFile; fileRef = 9DF0B0CBC7A3157777BCEEF2 /* HistoryView.swift */; };
		44DBE80E129DA7A44A615F25 /* Foundation.framework in Frameworks */ = {isa = PBXBuildFile; fileRef = CEA7094A6C5412F6D5EC2740 /* Foundation.framework */; };
		4640F1D5A8737CC488201CB4 /* KeyboardViewController.swift in Sources */ = {isa = PBXBuildFile; fileRef = 268C434AC00FE3EE3B889631 /* KeyboardViewController.swift */; };
		4B21D21130B06DC6608D5CD2 /* SpellingMemory.swift in Sources */ = {isa = PBXBuildFile; fileRef = 3382E6C8B97675A64266C0C1 /* SpellingMemory.swift */; };
		5EDDC30F9DE10F3806FFF310 /* DictalumeApp.swift in Sources */ = {isa = PBXBuildFile; fileRef = 3347452FA692E0CA1BE13A5A /* DictalumeApp.swift */; };
		657F3C165C130801B49CA005 /* AudioRecorder.swift in Sources */ = {isa = PBXBuildFile; fileRef = 0B4A3AC5E3AC8D4C3FF42C35 /* AudioRecorder.swift */; };
		6D1908613EE130DBFC1532EC /* SettingsView.swift in Sources */ = {isa = PBXBuildFile; fileRef = AA90D0FABB9ABDB35ED0C3AF /* SettingsView.swift */; };
		7F568D88F3D681AF32397BA6 /* AppModel.swift in Sources */ = {isa = PBXBuildFile; fileRef = 6ED195AA2263C758A2D0E408 /* AppModel.swift */; };
		9A0BA85208D7F32C1060AE1F /* TranscriptionService.swift in Sources */ = {isa = PBXBuildFile; fileRef = D36088BF4918E05860B4E036 /* TranscriptionService.swift */; };
		9B55BA1C76FED1430E5E961F /* UpcomingMeetingsView.swift in Sources */ = {isa = PBXBuildFile; fileRef = CEB73549BB0A809B25AD1E43 /* UpcomingMeetingsView.swift */; };
		9D25F2137305EED2D9B666FD /* UpcomingMeetings.swift in Sources */ = {isa = PBXBuildFile; fileRef = 0BE97D4376800F0D9B7C9451 /* UpcomingMeetings.swift */; };
		A413E7D79F916F1D3772C588 /* KeychainStore.swift in Sources */ = {isa = PBXBuildFile; fileRef = B7C5F816325B8E54AEC1251B /* KeychainStore.swift */; };
		C80E1AA956B57D4D588FCDD4 /* SharedContextStore.swift in Sources */ = {isa = PBXBuildFile; fileRef = 2A9D5AFA3BCD868471150B66 /* SharedContextStore.swift */; };
		CB9D716EF149B315FCF24406 /* RecordingShortcuts.swift in Sources */ = {isa = PBXBuildFile; fileRef = B8697342942A7C2AF51B417A /* RecordingShortcuts.swift */; };
		ED7D7C6E3DC66608AA5BA0CE /* ShortcutSetupView.swift in Sources */ = {isa = PBXBuildFile; fileRef = EBDDCFBF2012155014C96018 /* ShortcutSetupView.swift */; };
/* End PBXBuildFile section */

/* Begin PBXContainerItemProxy section */
		8E3CD3A86F68D6CF53F1938B /* PBXContainerItemProxy */ = {
			isa = PBXContainerItemProxy;
			containerPortal = A8CB49D88680F4F77C9B957A /* Project object */;
			proxyType = 1;
			remoteGlobalIDString = 3D4EF1C64C0D45D83359328B;
			remoteInfo = DictalumeKeyboard;
		};
/* End PBXContainerItemProxy section */

/* Begin PBXCopyFilesBuildPhase section */
		DEFB2A3C44BB868BFC0E2CC4 /* Embed App Extensions */ = {
			isa = PBXCopyFilesBuildPhase;
			buildActionMask = 2147483647;
			dstPath = "";
			dstSubfolderSpec = 13;
			files = (
				34886AC6D3F0E486777115B2 /* DictalumeKeyboard.appex in Embed App Extensions */,
			);
			name = "Embed App Extensions";
			runOnlyForDeploymentPostprocessing = 0;
		};
/* End PBXCopyFilesBuildPhase section */

/* Begin PBXFileReference section */
		0B4A3AC5E3AC8D4C3FF42C35 /* AudioRecorder.swift */ = {isa = PBXFileReference; includeInIndex = 1; lastKnownFileType = sourcecode.swift; path = AudioRecorder.swift; sourceTree = "<group>"; };
		0BE97D4376800F0D9B7C9451 /* UpcomingMeetings.swift */ = {isa = PBXFileReference; includeInIndex = 1; lastKnownFileType = sourcecode.swift; path = UpcomingMeetings.swift; sourceTree = "<group>"; };
		1F08DFD4F9202E06BA2EC80D /* DictalumeKeyboard.entitlements */ = {isa = PBXFileReference; includeInIndex = 1; lastKnownFileType = text.plist.entitlements; path = DictalumeKeyboard.entitlements; sourceTree = "<group>"; };
		268C434AC00FE3EE3B889631 /* KeyboardViewController.swift */ = {isa = PBXFileReference; includeInIndex = 1; lastKnownFileType = sourcecode.swift; path = KeyboardViewController.swift; sourceTree = "<group>"; };
		2A9D5AFA3BCD868471150B66 /* SharedContextStore.swift */ = {isa = PBXFileReference; includeInIndex = 1; lastKnownFileType = sourcecode.swift; path = SharedContextStore.swift; sourceTree = "<group>"; };
		3347452FA692E0CA1BE13A5A /* DictalumeApp.swift */ = {isa = PBXFileReference; includeInIndex = 1; lastKnownFileType = sourcecode.swift; path = DictalumeApp.swift; sourceTree = "<group>"; };
		3382E6C8B97675A64266C0C1 /* SpellingMemory.swift */ = {isa = PBXFileReference; includeInIndex = 1; lastKnownFileType = sourcecode.swift; path = SpellingMemory.swift; sourceTree = "<group>"; };
		3ACA794230AD19EF3F2D8A08 /* Info.plist */ = {isa = PBXFileReference; includeInIndex = 1; lastKnownFileType = text.plist.xml; path = Info.plist; sourceTree = "<group>"; };
		6976E9AD5691A2330D3A9320 /* AutomaticTitle.swift */ = {isa = PBXFileReference; includeInIndex = 1; lastKnownFileType = sourcecode.swift; path = AutomaticTitle.swift; sourceTree = "<group>"; };
		6D11573FD7696BF1EE7F8ED5 /* Dictalume.app */ = {isa = PBXFileReference; explicitFileType = wrapper.application; includeInIndex = 0; path = Dictalume.app; sourceTree = BUILT_PRODUCTS_DIR; };
		6ED195AA2263C758A2D0E408 /* AppModel.swift */ = {isa = PBXFileReference; includeInIndex = 1; lastKnownFileType = sourcecode.swift; path = AppModel.swift; sourceTree = "<group>"; };
		9DF0B0CBC7A3157777BCEEF2 /* HistoryView.swift */ = {isa = PBXFileReference; includeInIndex = 1; lastKnownFileType = sourcecode.swift; path = HistoryView.swift; sourceTree = "<group>"; };
		AA90D0FABB9ABDB35ED0C3AF /* SettingsView.swift */ = {isa = PBXFileReference; includeInIndex = 1; lastKnownFileType = sourcecode.swift; path = SettingsView.swift; sourceTree = "<group>"; };
		AD114FBCF2AEF15CBC19F73F /* RecorderView.swift */ = {isa = PBXFileReference; includeInIndex = 1; lastKnownFileType = sourcecode.swift; path = RecorderView.swift; sourceTree = "<group>"; };
		B1AB0B7DEE86BF47B8DEF2CE /* Dictalume.entitlements */ = {isa = PBXFileReference; includeInIndex = 1; lastKnownFileType = text.plist.entitlements; path = Dictalume.entitlements; sourceTree = "<group>"; };
		B7C5F816325B8E54AEC1251B /* KeychainStore.swift */ = {isa = PBXFileReference; includeInIndex = 1; lastKnownFileType = sourcecode.swift; path = KeychainStore.swift; sourceTree = "<group>"; };
		B8697342942A7C2AF51B417A /* RecordingShortcuts.swift */ = {isa = PBXFileReference; includeInIndex = 1; lastKnownFileType = sourcecode.swift; path = RecordingShortcuts.swift; sourceTree = "<group>"; };
		C97497D49A9A82F065911B7A /* Info.plist */ = {isa = PBXFileReference; includeInIndex = 1; lastKnownFileType = text.plist.xml; path = Info.plist; sourceTree = "<group>"; };
		CB05DCC2CADE38DADC3B39BD /* MeetingChatView.swift */ = {isa = PBXFileReference; includeInIndex = 1; lastKnownFileType = sourcecode.swift; path = MeetingChatView.swift; sourceTree = "<group>"; };
		CEA7094A6C5412F6D5EC2740 /* Foundation.framework */ = {isa = PBXFileReference; lastKnownFileType = wrapper.framework; name = Foundation.framework; path = Platforms/iPhoneOS.platform/Developer/SDKs/iPhoneOS26.0.sdk/System/Library/Frameworks/Foundation.framework; sourceTree = DEVELOPER_DIR; };
		CEAC4AF3BD818FAD45258A70 /* DictalumeKeyboard.appex */ = {isa = PBXFileReference; explicitFileType = "wrapper.app-extension"; includeInIndex = 0; path = DictalumeKeyboard.appex; sourceTree = BUILT_PRODUCTS_DIR; };
		CEB73549BB0A809B25AD1E43 /* UpcomingMeetingsView.swift */ = {isa = PBXFileReference; includeInIndex = 1; lastKnownFileType = sourcecode.swift; path = UpcomingMeetingsView.swift; sourceTree = "<group>"; };
		D36088BF4918E05860B4E036 /* TranscriptionService.swift */ = {isa = PBXFileReference; includeInIndex = 1; lastKnownFileType = sourcecode.swift; path = TranscriptionService.swift; sourceTree = "<group>"; };
		EBDDCFBF2012155014C96018 /* ShortcutSetupView.swift */ = {isa = PBXFileReference; includeInIndex = 1; lastKnownFileType = sourcecode.swift; path = ShortcutSetupView.swift; sourceTree = "<group>"; };
/* End PBXFileReference section */

/* Begin PBXFrameworksBuildPhase section */
		89389A718B32E30818705BC6 /* Frameworks */ = {
			isa = PBXFrameworksBuildPhase;
			buildActionMask = 2147483647;
			files = (
				390D19EBFC859DE181187708 /* Foundation.framework in Frameworks */,
			);
			runOnlyForDeploymentPostprocessing = 0;
		};
		C57349749F52299CA5C07D65 /* Frameworks */ = {
			isa = PBXFrameworksBuildPhase;
			buildActionMask = 2147483647;
			files = (
				44DBE80E129DA7A44A615F25 /* Foundation.framework in Frameworks */,
			);
			runOnlyForDeploymentPostprocessing = 0;
		};
/* End PBXFrameworksBuildPhase section */

/* Begin PBXGroup section */
		168B00C3E3674CF09EFAB4FA /* Frameworks */ = {
			isa = PBXGroup;
			children = (
				EEA962F197A3A27DD18396BB /* iOS */,
			);
			name = Frameworks;
			sourceTree = "<group>";
		};
		2E9F096FC8B6C8CB16FA72A0 /* Products */ = {
			isa = PBXGroup;
			children = (
				6D11573FD7696BF1EE7F8ED5 /* Dictalume.app */,
				CEAC4AF3BD818FAD45258A70 /* DictalumeKeyboard.appex */,
			);
			name = Products;
			sourceTree = "<group>";
		};
		7A471FCAAEF0402F0A0B3168 /* DictalumeKeyboard */ = {
			isa = PBXGroup;
			children = (
				268C434AC00FE3EE3B889631 /* KeyboardViewController.swift */,
				C97497D49A9A82F065911B7A /* Info.plist */,
				1F08DFD4F9202E06BA2EC80D /* DictalumeKeyboard.entitlements */,
			);
			name = DictalumeKeyboard;
			path = DictalumeKeyboard;
			sourceTree = "<group>";
		};
		A08FCB55AA3ED73E6872A077 = {
			isa = PBXGroup;
			children = (
				2E9F096FC8B6C8CB16FA72A0 /* Products */,
				168B00C3E3674CF09EFAB4FA /* Frameworks */,
				FA7245F1CA9C224CAA5AF660 /* Dictalume */,
				7A471FCAAEF0402F0A0B3168 /* DictalumeKeyboard */,
			);
			sourceTree = "<group>";
		};
		EEA962F197A3A27DD18396BB /* iOS */ = {
			isa = PBXGroup;
			children = (
				CEA7094A6C5412F6D5EC2740 /* Foundation.framework */,
			);
			name = iOS;
			sourceTree = "<group>";
		};
		FA7245F1CA9C224CAA5AF660 /* Dictalume */ = {
			isa = PBXGroup;
			children = (
				6ED195AA2263C758A2D0E408 /* AppModel.swift */,
				0B4A3AC5E3AC8D4C3FF42C35 /* AudioRecorder.swift */,
				6976E9AD5691A2330D3A9320 /* AutomaticTitle.swift */,
				3347452FA692E0CA1BE13A5A /* DictalumeApp.swift */,
				9DF0B0CBC7A3157777BCEEF2 /* HistoryView.swift */,
				B7C5F816325B8E54AEC1251B /* KeychainStore.swift */,
				CB05DCC2CADE38DADC3B39BD /* MeetingChatView.swift */,
				AD114FBCF2AEF15CBC19F73F /* RecorderView.swift */,
				B8697342942A7C2AF51B417A /* RecordingShortcuts.swift */,
				AA90D0FABB9ABDB35ED0C3AF /* SettingsView.swift */,
				2A9D5AFA3BCD868471150B66 /* SharedContextStore.swift */,
				EBDDCFBF2012155014C96018 /* ShortcutSetupView.swift */,
				3382E6C8B97675A64266C0C1 /* SpellingMemory.swift */,
				D36088BF4918E05860B4E036 /* TranscriptionService.swift */,
				0BE97D4376800F0D9B7C9451 /* UpcomingMeetings.swift */,
				CEB73549BB0A809B25AD1E43 /* UpcomingMeetingsView.swift */,
				3ACA794230AD19EF3F2D8A08 /* Info.plist */,
				B1AB0B7DEE86BF47B8DEF2CE /* Dictalume.entitlements */,
			);
			name = Dictalume;
			path = Dictalume;
			sourceTree = "<group>";
		};
/* End PBXGroup section */

/* Begin PBXNativeTarget section */
		3D4EF1C64C0D45D83359328B /* DictalumeKeyboard */ = {
			isa = PBXNativeTarget;
			buildConfigurationList = 107DC333AD4EEAD47D0E04D4 /* Build configuration list for PBXNativeTarget "DictalumeKeyboard" */;
			buildPhases = (
				98CBA84F3542AF7B6B98EC0A /* Sources */,
				89389A718B32E30818705BC6 /* Frameworks */,
				8FCEFE20131ADF42820F0454 /* Resources */,
			);
			buildRules = (
			);
			dependencies = (
			);
			name = DictalumeKeyboard;
			productName = DictalumeKeyboard;
			productReference = CEAC4AF3BD818FAD45258A70 /* DictalumeKeyboard.appex */;
			productType = "com.apple.product-type.app-extension";
		};
		3DBCD62E45277027D8C39210 /* Dictalume */ = {
			isa = PBXNativeTarget;
			buildConfigurationList = 72005E3F4E03E983A8845FC4 /* Build configuration list for PBXNativeTarget "Dictalume" */;
			buildPhases = (
				0991B489C4B63E9D6D2E4F54 /* Sources */,
				C57349749F52299CA5C07D65 /* Frameworks */,
				F8E222AE331C938230E12D41 /* Resources */,
				DEFB2A3C44BB868BFC0E2CC4 /* Embed App Extensions */,
			);
			buildRules = (
			);
			dependencies = (
				869FD646E0B3D548436D5982 /* PBXTargetDependency */,
			);
			name = Dictalume;
			productName = Dictalume;
			productReference = 6D11573FD7696BF1EE7F8ED5 /* Dictalume.app */;
			productType = "com.apple.product-type.application";
		};
/* End PBXNativeTarget section */

/* Begin PBXProject section */
		A8CB49D88680F4F77C9B957A /* Project object */ = {
			isa = PBXProject;
			attributes = {
				LastSwiftUpdateCheck = 1600;
				LastUpgradeCheck = 1600;
			};
			buildConfigurationList = 657DB6840E8DA5487165F6F4 /* Build configuration list for PBXProject "Dictalume" */;
			compatibilityVersion = "Xcode 3.2";
			developmentRegion = en;
			hasScannedForEncodings = 0;
			knownRegions = (
				en,
				Base,
			);
			mainGroup = A08FCB55AA3ED73E6872A077;
			minimizedProjectReferenceProxies = 0;
			preferredProjectObjectVersion = 100;
			productRefGroup = 2E9F096FC8B6C8CB16FA72A0 /* Products */;
			projectDirPath = "";
			projectRoot = "";
			targets = (
				3DBCD62E45277027D8C39210 /* Dictalume */,
				3D4EF1C64C0D45D83359328B /* DictalumeKeyboard */,
			);
		};
/* End PBXProject section */

/* Begin PBXResourcesBuildPhase section */
		8FCEFE20131ADF42820F0454 /* Resources */ = {
			isa = PBXResourcesBuildPhase;
			buildActionMask = 2147483647;
			files = (
			);
			runOnlyForDeploymentPostprocessing = 0;
		};
		F8E222AE331C938230E12D41 /* Resources */ = {
			isa = PBXResourcesBuildPhase;
			buildActionMask = 2147483647;
			files = (
			);
			runOnlyForDeploymentPostprocessing = 0;
		};
/* End PBXResourcesBuildPhase section */

/* Begin PBXSourcesBuildPhase section */
		0991B489C4B63E9D6D2E4F54 /* Sources */ = {
			isa = PBXSourcesBuildPhase;
			buildActionMask = 2147483647;
			files = (
				7F568D88F3D681AF32397BA6 /* AppModel.swift in Sources */,
				657F3C165C130801B49CA005 /* AudioRecorder.swift in Sources */,
				1803353CD38DE3B631BB7C82 /* AutomaticTitle.swift in Sources */,
				5EDDC30F9DE10F3806FFF310 /* DictalumeApp.swift in Sources */,
				3AB1362F7A88340DE91A5DC3 /* HistoryView.swift in Sources */,
				A413E7D79F916F1D3772C588 /* KeychainStore.swift in Sources */,
				1637A93AE255E074A3654767 /* MeetingChatView.swift in Sources */,
				0F1242FDA6F546465F499FC5 /* RecorderView.swift in Sources */,
				CB9D716EF149B315FCF24406 /* RecordingShortcuts.swift in Sources */,
				6D1908613EE130DBFC1532EC /* SettingsView.swift in Sources */,
				C80E1AA956B57D4D588FCDD4 /* SharedContextStore.swift in Sources */,
				ED7D7C6E3DC66608AA5BA0CE /* ShortcutSetupView.swift in Sources */,
				4B21D21130B06DC6608D5CD2 /* SpellingMemory.swift in Sources */,
				9A0BA85208D7F32C1060AE1F /* TranscriptionService.swift in Sources */,
				9D25F2137305EED2D9B666FD /* UpcomingMeetings.swift in Sources */,
				9B55BA1C76FED1430E5E961F /* UpcomingMeetingsView.swift in Sources */,
			);
			runOnlyForDeploymentPostprocessing = 0;
		};
		98CBA84F3542AF7B6B98EC0A /* Sources */ = {
			isa = PBXSourcesBuildPhase;
			buildActionMask = 2147483647;
			files = (
				4640F1D5A8737CC488201CB4 /* KeyboardViewController.swift in Sources */,
			);
			runOnlyForDeploymentPostprocessing = 0;
		};
/* End PBXSourcesBuildPhase section */

/* Begin PBXTargetDependency section */
		869FD646E0B3D548436D5982 /* PBXTargetDependency */ = {
			isa = PBXTargetDependency;
			name = DictalumeKeyboard;
			target = 3D4EF1C64C0D45D83359328B /* DictalumeKeyboard */;
			targetProxy = 8E3CD3A86F68D6CF53F1938B /* PBXContainerItemProxy */;
		};
/* End PBXTargetDependency section */

/* Begin XCBuildConfiguration section */
		09E8C5BE46E2CEB076829087 /* Release */ = {
			isa = XCBuildConfiguration;
			buildSettings = {
				ALWAYS_SEARCH_USER_PATHS = NO;
				CLANG_ANALYZER_NONNULL = YES;
				CLANG_ANALYZER_NUMBER_OBJECT_CONVERSION = YES_AGGRESSIVE;
				CLANG_CXX_LANGUAGE_STANDARD = "gnu++14";
				CLANG_CXX_LIBRARY = "libc++";
				CLANG_ENABLE_MODULES = YES;
				CLANG_ENABLE_OBJC_ARC = YES;
				CLANG_ENABLE_OBJC_WEAK = YES;
				CLANG_WARN_BLOCK_CAPTURE_AUTORELEASING = YES;
				CLANG_WARN_BOOL_CONVERSION = YES;
				CLANG_WARN_COMMA = YES;
				CLANG_WARN_CONSTANT_CONVERSION = YES;
				CLANG_WARN_DEPRECATED_OBJC_IMPLEMENTATIONS = YES;
				CLANG_WARN_DIRECT_OBJC_ISA_USAGE = YES_ERROR;
				CLANG_WARN_DOCUMENTATION_COMMENTS = YES;
				CLANG_WARN_EMPTY_BODY = YES;
				CLANG_WARN_ENUM_CONVERSION = YES;
				CLANG_WARN_INFINITE_RECURSION = YES;
				CLANG_WARN_INT_CONVERSION = YES;
				CLANG_WARN_NON_LITERAL_NULL_CONVERSION = YES;
				CLANG_WARN_OBJC_IMPLICIT_RETAIN_SELF = YES;
				CLANG_WARN_OBJC_LITERAL_CONVERSION = YES;
				CLANG_WARN_OBJC_ROOT_CLASS = YES_ERROR;
				CLANG_WARN_QUOTED_INCLUDE_IN_FRAMEWORK_HEADER = YES;
				CLANG_WARN_RANGE_LOOP_ANALYSIS = YES;
				CLANG_WARN_STRICT_PROTOTYPES = YES;
				CLANG_WARN_SUSPICIOUS_MOVE = YES;
				CLANG_WARN_UNGUARDED_AVAILABILITY = YES_AGGRESSIVE;
				CLANG_WARN_UNREACHABLE_CODE = YES;
				CLANG_WARN__DUPLICATE_METHOD_MATCH = YES;
				COPY_PHASE_STRIP = NO;
				DEBUG_INFORMATION_FORMAT = "dwarf-with-dsym";
				ENABLE_NS_ASSERTIONS = NO;
				ENABLE_STRICT_OBJC_MSGSEND = YES;
				GCC_C_LANGUAGE_STANDARD = gnu11;
				GCC_NO_COMMON_BLOCKS = YES;
				GCC_WARN_64_TO_32_BIT_CONVERSION = YES;
				GCC_WARN_ABOUT_RETURN_TYPE = YES_ERROR;
				GCC_WARN_UNDECLARED_SELECTOR = YES;
				GCC_WARN_UNINITIALIZED_AUTOS = YES_AGGRESSIVE;
				GCC_WARN_UNUSED_FUNCTION = YES;
				GCC_WARN_UNUSED_VARIABLE = YES;
				MTL_ENABLE_DEBUG_INFO = NO;
				MTL_FAST_MATH = YES;
				PRODUCT_NAME = "$(TARGET_NAME)";
				SWIFT_COMPILATION_MODE = wholemodule;
				SWIFT_OPTIMIZATION_LEVEL = "-O";
				SWIFT_VERSION = 5.0;
			};
			name = Release;
		};
		8D87F5343262DEADC907C172 /* Release */ = {
			isa = XCBuildConfiguration;
			buildSettings = {
				CLANG_ENABLE_OBJC_WEAK = NO;
				CODE_SIGN_ENTITLEMENTS = DictalumeKeyboard/DictalumeKeyboard.entitlements;
				CODE_SIGN_STYLE = Automatic;
				INFOPLIST_FILE = DictalumeKeyboard/Info.plist;
				IPHONEOS_DEPLOYMENT_TARGET = 17.0;
				PRODUCT_BUNDLE_IDENTIFIER = com.dictalume.app.keyboard;
				SDKROOT = iphoneos;
				SWIFT_VERSION = 5.0;
				TARGETED_DEVICE_FAMILY = 1;
				VALIDATE_PRODUCT = YES;
			};
			name = Release;
		};
		A4F67B0A62AA46B1861EF5C8 /* Release */ = {
			isa = XCBuildConfiguration;
			buildSettings = {
				ASSETCATALOG_COMPILER_APPICON_NAME = AppIcon;
				ASSETCATALOG_COMPILER_GLOBAL_ACCENT_COLOR_NAME = AccentColor;
				CLANG_ENABLE_OBJC_WEAK = NO;
				CODE_SIGN_ENTITLEMENTS = Dictalume/Dictalume.entitlements;
				CODE_SIGN_STYLE = Automatic;
				INFOPLIST_FILE = Dictalume/Info.plist;
				IPHONEOS_DEPLOYMENT_TARGET = 17.0;
				LD_RUNPATH_SEARCH_PATHS = "$(inherited) @executable_path/Frameworks";
				PRODUCT_BUNDLE_IDENTIFIER = com.dictalume.app;
				SDKROOT = iphoneos;
				SWIFT_VERSION = 5.0;
				TARGETED_DEVICE_FAMILY = 1;
				VALIDATE_PRODUCT = YES;
			};
			name = Release;
		};
		AE729C84B7CA643210C526AB /* Debug */ = {
			isa = XCBuildConfiguration;
			buildSettings = {
				CLANG_ENABLE_OBJC_WEAK = NO;
				CODE_SIGN_ENTITLEMENTS = DictalumeKeyboard/DictalumeKeyboard.entitlements;
				CODE_SIGN_STYLE = Automatic;
				INFOPLIST_FILE = DictalumeKeyboard/Info.plist;
				IPHONEOS_DEPLOYMENT_TARGET = 17.0;
				PRODUCT_BUNDLE_IDENTIFIER = com.dictalume.app.keyboard;
				SDKROOT = iphoneos;
				SWIFT_VERSION = 5.0;
				TARGETED_DEVICE_FAMILY = 1;
			};
			name = Debug;
		};
		C4C0A4615D017BDCB1825E90 /* Debug */ = {
			isa = XCBuildConfiguration;
			buildSettings = {
				ALWAYS_SEARCH_USER_PATHS = NO;
				CLANG_ANALYZER_NONNULL = YES;
				CLANG_ANALYZER_NUMBER_OBJECT_CONVERSION = YES_AGGRESSIVE;
				CLANG_CXX_LANGUAGE_STANDARD = "gnu++14";
				CLANG_CXX_LIBRARY = "libc++";
				CLANG_ENABLE_MODULES = YES;
				CLANG_ENABLE_OBJC_ARC = YES;
				CLANG_ENABLE_OBJC_WEAK = YES;
				CLANG_WARN_BLOCK_CAPTURE_AUTORELEASING = YES;
				CLANG_WARN_BOOL_CONVERSION = YES;
				CLANG_WARN_COMMA = YES;
				CLANG_WARN_CONSTANT_CONVERSION = YES;
				CLANG_WARN_DEPRECATED_OBJC_IMPLEMENTATIONS = YES;
				CLANG_WARN_DIRECT_OBJC_ISA_USAGE = YES_ERROR;
				CLANG_WARN_DOCUMENTATION_COMMENTS = YES;
				CLANG_WARN_EMPTY_BODY = YES;
				CLANG_WARN_ENUM_CONVERSION = YES;
				CLANG_WARN_INFINITE_RECURSION = YES;
				CLANG_WARN_INT_CONVERSION = YES;
				CLANG_WARN_NON_LITERAL_NULL_CONVERSION = YES;
				CLANG_WARN_OBJC_IMPLICIT_RETAIN_SELF = YES;
				CLANG_WARN_OBJC_LITERAL_CONVERSION = YES;
				CLANG_WARN_OBJC_ROOT_CLASS = YES_ERROR;
				CLANG_WARN_QUOTED_INCLUDE_IN_FRAMEWORK_HEADER = YES;
				CLANG_WARN_RANGE_LOOP_ANALYSIS = YES;
				CLANG_WARN_STRICT_PROTOTYPES = YES;
				CLANG_WARN_SUSPICIOUS_MOVE = YES;
				CLANG_WARN_UNGUARDED_AVAILABILITY = YES_AGGRESSIVE;
				CLANG_WARN_UNREACHABLE_CODE = YES;
				CLANG_WARN__DUPLICATE_METHOD_MATCH = YES;
				COPY_PHASE_STRIP = NO;
				DEBUG_INFORMATION_FORMAT = dwarf;
				ENABLE_STRICT_OBJC_MSGSEND = YES;
				ENABLE_TESTABILITY = YES;
				GCC_C_LANGUAGE_STANDARD = gnu11;
				GCC_DYNAMIC_NO_PIC = NO;
				GCC_NO_COMMON_BLOCKS = YES;
				GCC_OPTIMIZATION_LEVEL = 0;
				GCC_PREPROCESSOR_DEFINITIONS = (
					"DEBUG=1",
					"$(inherited)",
				);
				GCC_WARN_64_TO_32_BIT_CONVERSION = YES;
				GCC_WARN_ABOUT_RETURN_TYPE = YES_ERROR;
				GCC_WARN_UNDECLARED_SELECTOR = YES;
				GCC_WARN_UNINITIALIZED_AUTOS = YES_AGGRESSIVE;
				GCC_WARN_UNUSED_FUNCTION = YES;
				GCC_WARN_UNUSED_VARIABLE = YES;
				MTL_ENABLE_DEBUG_INFO = INCLUDE_SOURCE;
				MTL_FAST_MATH = YES;
				ONLY_ACTIVE_ARCH = YES;
				PRODUCT_NAME = "$(TARGET_NAME)";
				SWIFT_ACTIVE_COMPILATION_CONDITIONS = DEBUG;
				SWIFT_OPTIMIZATION_LEVEL = "-Onone";
				SWIFT_VERSION = 5.0;
			};
			name = Debug;
		};
		FEEC8095AFD5B031F4C601B2 /* Debug */ = {
			isa = XCBuildConfiguration;
			buildSettings = {
				ASSETCATALOG_COMPILER_APPICON_NAME = AppIcon;
				ASSETCATALOG_COMPILER_GLOBAL_ACCENT_COLOR_NAME = AccentColor;
				CLANG_ENABLE_OBJC_WEAK = NO;
				CODE_SIGN_ENTITLEMENTS = Dictalume/Dictalume.entitlements;
				CODE_SIGN_STYLE = Automatic;
				INFOPLIST_FILE = Dictalume/Info.plist;
				IPHONEOS_DEPLOYMENT_TARGET = 17.0;
				LD_RUNPATH_SEARCH_PATHS = "$(inherited) @executable_path/Frameworks";
				PRODUCT_BUNDLE_IDENTIFIER = com.dictalume.app;
				SDKROOT = iphoneos;
				SWIFT_VERSION = 5.0;
				TARGETED_DEVICE_FAMILY = 1;
			};
			name = Debug;
		};
/* End XCBuildConfiguration section */

/* Begin XCConfigurationList section */
		107DC333AD4EEAD47D0E04D4 /* Build configuration list for PBXNativeTarget "DictalumeKeyboard" */ = {
			isa = XCConfigurationList;
			buildConfigurations = (
				8D87F5343262DEADC907C172 /* Release */,
				AE729C84B7CA643210C526AB /* Debug */,
			);
			defaultConfigurationIsVisible = 0;
			defaultConfigurationName = Release;
		};
		657DB6840E8DA5487165F6F4 /* Build configuration list for PBXProject "Dictalume" */ = {
			isa = XCConfigurationList;
			buildConfigurations = (
				C4C0A4615D017BDCB1825E90 /* Debug */,
				09E8C5BE46E2CEB076829087 /* Release */,
			);
			defaultConfigurationIsVisible = 0;
			defaultConfigurationName = Release;
		};
		72005E3F4E03E983A8845FC4 /* Build configuration list for PBXNativeTarget "Dictalume" */ = {
			isa = XCConfigurationList;
			buildConfigurations = (
				A4F67B0A62AA46B1861EF5C8 /* Release */,
				FEEC8095AFD5B031F4C601B2 /* Debug */,
			);
			defaultConfigurationIsVisible = 0;
			defaultConfigurationName = Release;
		};
/* End XCConfigurationList section */
	};
	rootObject = A8CB49D88680F4F77C9B957A /* Project object */;
}
